
Microsoft Visual Studio Solution File, Format Version 12.00
Project("{FAE04EC0-301F-11D3-BF4B-00C04F79EFBC}") = "QLSV", "QLSV\QLSV.csproj", "{2BCC5EAA-6603-47E0-8162-B19E23686471}"
EndProject
Global
	GlobalSection(SolutionConfigurationPlatforms) = preSolution
		Debug|Any CPU = Debug|Any CPU
		Release|Any CPU = Release|Any CPU
	EndGlobalSection
	GlobalSection(ProjectConfigurationPlatforms) = postSolution
		{2BCC5EAA-6603-47E0-8162-B19E23686471}.Debug|Any CPU.ActiveCfg = Debug|Any CPU
		{2BCC5EAA-6603-47E0-8162-B19E23686471}.Debug|Any CPU.Build.0 = Debug|Any CPU
		{2BCC5EAA-6603-47E0-8162-B19E23686471}.Release|Any CPU.ActiveCfg = Release|Any CPU
		{2BCC5EAA-6603-47E0-8162-B19E23686471}.Release|Any CPU.Build.0 = Release|Any CPU
	EndGlobalSection
EndGlobal
